dependencies:
- name: postgresql
  repository: https://charts.bitnami.com/bitnami
  version: 15.5.38
- name: redis
  repository: https://charts.bitnami.com/bitnami
  version: 19.6.4
- name: clickhouse
  repository: https://charts.bitnami.com/bitnami
  version: 6.3.3
digest: sha256:d7a0f922c932bb5cb6e678ef4682d73d05b371601e6dfb09b8f903d71dcdb475
generated: "2026-03-05T12:35:29.333483342+01:00"
